// !$*UTF8*$!
{
	archiveVersion = 1;
	classes = {
	};
	objectVersion = 50;
	objects = {

/* Begin PBXBuildFile section */
		C994845225EC003700CAC623 /* SwiftUICombineApp.swift in Sources */ = {isa = PBXBuildFile; fileRef = C994843F25EC003500CAC623 /* SwiftUICombineApp.swift */; };
		C994845325EC003700CAC623 /* SwiftUICombineApp.swift in Sources */ = {isa = PBXBuildFile; fileRef = C994843F25EC003500CAC623 /* SwiftUICombineApp.swift */; };
		C994845425EC003700CAC623 /* ContentView.swift in Sources */ = {isa = PBXBuildFile; fileRef = C994844025EC003500CAC623 /* ContentView.swift */; };
		C994845525EC003700CAC623 /* ContentView.swift in Sources */ = {isa = PBXBuildFile; fileRef = C994844025EC003500CAC623 /* ContentView.swift */; };
		C994845625EC003700CAC623 /* Assets.xcassets in Resources */ = {isa = PBXBuildFile; fileRef = C994844125EC003700CAC623 /* Assets.xcassets */; };
		C994845725EC003700CAC623 /* Assets.xcassets in Resources */ = {isa = PBXBuildFile; fileRef = C994844125EC003700CAC623 /* Assets.xcassets */; };
/* End PBXBuildFile section */

/* Begin PBXFileReference section */
		C994843F25EC003500CAC623 /* SwiftUICombineApp.swift */ = {isa = PBXFileReference; lastKnownFileType = sourcecode.swift; path = SwiftUICombineApp.swift; sourceTree = "<group>"; };
		C994844025EC003500CAC623 /* ContentView.swift */ = {isa = PBXFileReference; lastKnownFileType = sourcecode.swift; path = ContentView.swift; sourceTree = "<group>"; };
		C994844125EC003700CAC623 /* Assets.xcassets */ = {isa = PBXFileReference; lastKnownFileType = folder.assetcatalog; path = Assets.xcassets; sourceTree = "<group>"; };
		C994844625EC003700CAC623 /* SwiftUICombine.app */ = {isa = PBXFileReference; explicitFileType = wrapper.application; includeInIndex = 0; path = SwiftUICombine.app; sourceTree = BUILT_PRODUCTS_DIR; };
		C994844925EC003700CAC623 /* Info.plist */ = {isa = PBXFileReference; lastKnownFileType = text.plist.xml; path = Info.plist; sourceTree = "<group>"; };
		C994844E25EC003700CAC623 /* SwiftUICombine.app */ = {isa = PBXFileReference; explicitFileType = wrapper.application; includeInIndex = 0; path = SwiftUICombine.app; sourceTree = BUILT_PRODUCTS_DIR; };
		C994845025EC003700CAC623 /* Info.plist */ = {isa = PBXFileReference; lastKnownFileType = text.plist.xml; path = Info.plist; sourceTree = "<group>"; };
		C994845125EC003700CAC623 /* macOS.entitlements */ = {isa = PBXFileReference; lastKnownFileType = text.plist.entitlements; path = macOS.entitlements; sourceTree = "<group>"; };
/* End PBXFileReference section */

/* Begin PBXFrameworksBuildPhase section */
		C994844325EC003700CAC623 /* Frameworks */ = {
			isa = PBXFrameworksBuildPhase;
			buildActionMask = 2147483647;
			files = (
			);
			runOnlyForDeploymentPostprocessing = 0;
		};
		C994844B25EC003700CAC623 /* Frameworks */ = {
			isa = PBXFrameworksBuildPhase;
			buildActionMask = 2147483647;
			files = (
			);
			runOnlyForDeploymentPostprocessing = 0;
		};
/* End PBXFrameworksBuildPhase section */

/* Begin PBXGroup section */
		C994843925EC003500CAC623 = {
			isa = PBXGroup;
			children = (
				C994843E25EC003500CAC623 /* Shared */,
				C994844825EC003700CAC623 /* iOS */,
				C994844F25EC003700CAC623 /* macOS */,
				C994844725EC003700CAC623 /* Products */,
			);
			sourceTree = "<group>";
		};
		C994843E25EC003500CAC623 /* Shared */ = {
			isa = PBXGroup;
			children = (
				C994843F25EC003500CAC623 /* SwiftUICombineApp.swift */,
				C994844025EC003500CAC623 /* ContentView.swift */,
				C994844125EC003700CAC623 /* Assets.xcassets */,
			);
			path = Shared;
			sourceTree = "<group>";
		};
		C994844725EC003700CAC623 /* Products */ = {
			isa = PBXGroup;
			children = (
				C994844625EC003700CAC623 /* SwiftUICombine.app */,
				C994844E25EC003700CAC623 /* SwiftUICombine.app */,
			);
			name = Products;
			sourceTree = "<group>";
		};
		C994844825EC003700CAC623 /* iOS */ = {
			isa = PBXGroup;
			children = (
				C994844925EC003700CAC623 /* Info.plist */,
			);
			path = iOS;
			sourceTree = "<group>";
		};
		C994844F25EC003700CAC623 /* macOS */ = {
			isa = PBXGroup;
			children = (
				C994845025EC003700CAC623 /* Info.plist */,
				C994845125EC003700CAC623 /* macOS.entitlements */,
			);
			path = macOS;
			sourceTree = "<group>";
		};
/* End PBXGroup section */

/* Begin PBXNativeTarget section */
		C994844525EC003700CAC623 /* SwiftUICombine (iOS) */ = {
			isa = PBXNativeTarget;
			buildConfigurationList = C994845A25EC003700CAC623 /* Build configuration list for PBXNativeTarget "SwiftUICombine (iOS)" */;
			buildPhases = (
				C994844225EC003700CAC623 /* Sources */,
				C994844325EC003700CAC623 /* Frameworks */,
				C994844425EC003700CAC623 /* Resources */,
			);
			buildRules = (
			);
			dependencies = (
			);
			name = "SwiftUICombine (iOS)";
			productName = "SwiftUICombine (iOS)";
			productReference = C994844625EC003700CAC623 /* SwiftUICombine.app */;
			productType = "com.apple.product-type.application";
		};
		C994844D25EC003700CAC623 /* SwiftUICombine (macOS) */ = {
			isa = PBXNativeTarget;
			buildConfigurationList = C994845D25EC003700CAC623 /* Build configuration list for PBXNativeTarget "SwiftUICombine (macOS)" */;
			buildPhases = (
				C994844A25EC003700CAC623 /* Sources */,
				C994844B25EC003700CAC623 /* Frameworks */,
				C994844C25EC003700CAC623 /* Resources */,
			);
			buildRules = (
			);
			dependencies = (
			);
			name = "SwiftUICombine (macOS)";
			productName = "SwiftUICombine (macOS)";
			productReference = C994844E25EC003700CAC623 /* SwiftUICombine.app */;
			productType = "com.apple.product-type.application";
		};
/* End PBXNativeTarget section */

/* Begin PBXProject section */
		C994843A25EC003500CAC623 /* Project object */ = {
			isa = PBXProject;
			attributes = {
				LastSwiftUpdateCheck = 1240;
				LastUpgradeCheck = 1240;
				TargetAttributes = {
					C994844525EC003700CAC623 = {
						CreatedOnToolsVersion = 12.4;
					};
					C994844D25EC003700CAC623 = {
						CreatedOnToolsVersion = 12.4;
					};
				};
			};
			buildConfigurationList = C994843D25EC003500CAC623 /* Build configuration list for PBXProject "SwiftUICombine" */;
			compatibilityVersion = "Xcode 9.3";
			developmentRegion = en;
			hasScannedForEncodings = 0;
			knownRegions = (
				en,
				Base,
			);
			mainGroup = C994843925EC003500CAC623;
			productRefGroup = C994844725EC003700CAC623 /* Products */;
			projectDirPath = "";
			projectRoot = "";
			targets = (
				C994844525EC003700CAC623 /* SwiftUICombine (iOS) */,
				C994844D25EC003700CAC623 /* SwiftUICombine (macOS) */,
			);
		};
/* End PBXProject section */

/* Begin PBXResourcesBuildPhase section */
		C994844425EC003700CAC623 /* Resources */ = {
			isa = PBXResourcesBuildPhase;
			buildActionMask = 2147483647;
			files = (
				C994845625EC003700CAC623 /* Assets.xcassets in Resources */,
			);
			runOnlyForDeploymentPostprocessing = 0;
		};
		C994844C25EC003700CAC623 /* Resources */ = {
			isa = PBXResourcesBuildPhase;
			buildActionMask = 2147483647;
			files = (
				C994845725EC003700CAC623 /* Assets.xcassets in Resources */,
			);
			runOnlyForDeploymentPostprocessing = 0;
		};
/* End PBXResourcesBuildPhase section */

/* Begin PBXSourcesBuildPhase section */
		C994844225EC003700CAC623 /* Sources */ = {
			isa = PBXSourcesBuildPhase;
			buildActionMask = 2147483647;
			files = (
				C994845425EC003700CAC623 /* ContentView.swift in Sources */,
				C994845225EC003700CAC623 /* SwiftUICombineApp.swift in Sources */,
			);
			runOnlyForDeploymentPostprocessing = 0;
		};
		C994844A25EC003700CAC623 /* Sources */ = {
			isa = PBXSourcesBuildPhase;
			buildActionMask = 2147483647;
			files = (
				C994845525EC003700CAC623 /* ContentView.swift in Sources */,
				C994845325EC003700CAC623 /* SwiftUICombineApp.swift in Sources */,
			);
			runOnlyForDeploymentPostprocessing = 0;
		};
/* End PBXSourcesBuildPhase section */

/* Begin XCBuildConfiguration section */
		C994845825EC003700CAC623 /* Debug */ = {
			isa = XCBuildConfiguration;
			buildSettings = {
				ALWAYS_SEARCH_USER_PATHS = NO;
				CLANG_ANALYZER_NONNULL = YES;
				CLANG_ANALYZER_NUMBER_OBJECT_CONVERSION = YES_AGGRESSIVE;
				CLANG_CXX_LANGUAGE_STANDARD = "gnu++14";
				CLANG_CXX_LIBRARY = "libc++";
				CLANG_ENABLE_MODULES = YES;
				CLANG_ENABLE_OBJC_ARC = YES;
				CLANG_ENABLE_OBJC_WEAK = YES;
				CLANG_WARN_BLOCK_CAPTURE_AUTORELEASING = YES;
				CLANG_WARN_BOOL_CONVERSION = YES;
				CLANG_WARN_COMMA = YES;
				CLANG_WARN_CONSTANT_CONVERSION = YES;
				CLANG_WARN_DEPRECATED_OBJC_IMPLEMENTATIONS = YES;
				CLANG_WARN_DIRECT_OBJC_ISA_USAGE = YES_ERROR;
				CLANG_WARN_DOCUMENTATION_COMMENTS = YES;
				CLANG_WARN_EMPTY_BODY = YES;
				CLANG_WARN_ENUM_CONVERSION = YES;
				CLANG_WARN_INFINITE_RECURSION = YES;
				CLANG_WARN_INT_CONVERSION = YES;
				CLANG_WARN_NON_LITERAL_NULL_CONVERSION = YES;
				CLANG_WARN_OBJC_IMPLICIT_RETAIN_SELF = YES;
				CLANG_WARN_OBJC_LITERAL_CONVERSION = YES;
				CLANG_WARN_OBJC_ROOT_CLASS = YES_ERROR;
				CLANG_WARN_QUOTED_INCLUDE_IN_FRAMEWORK_HEADER = YES;
				CLANG_WARN_RANGE_LOOP_ANALYSIS = YES;
				CLANG_WARN_STRICT_PROTOTYPES = YES;
				CLANG_WARN_SUSPICIOUS_MOVE = YES;
				CLANG_WARN_UNGUARDED_AVAILABILITY = YES_AGGRESSIVE;
				CLANG_WARN_UNREACHABLE_CODE = YES;
				CLANG_WARN__DUPLICATE_METHOD_MATCH = YES;
				COPY_PHASE_STRIP = NO;
				DEBUG_INFORMATION_FORMAT = dwarf;
				ENABLE_STRICT_OBJC_MSGSEND = YES;
				ENABLE_TESTABILITY = YES;
				GCC_C_LANGUAGE_STANDARD = gnu11;
				GCC_DYNAMIC_NO_PIC = NO;
				GCC_NO_COMMON_BLOCKS = YES;
				GCC_OPTIMIZATION_LEVEL = 0;
				GCC_PREPROCESSOR_DEFINITIONS = (
					"DEBUG=1",
					"$(inherited)",
				);
				GCC_WARN_64_TO_32_BIT_CONVERSION = YES;
				GCC_WARN_ABOUT_RETURN_TYPE = YES_ERROR;
				GCC_WARN_UNDECLARED_SELECTOR = YES;
				GCC_WARN_UNINITIALIZED_AUTOS = YES_AGGRESSIVE;
				GCC_WARN_UNUSED_FUNCTION = YES;
				GCC_WARN_UNUSED_VARIABLE = YES;
				MTL_ENABLE_DEBUG_INFO = INCLUDE_SOURCE;
				MTL_FAST_MATH = YES;
				ONLY_ACTIVE_ARCH = YES;
				SWIFT_ACTIVE_COMPILATION_CONDITIONS = DEBUG;
				SWIFT_OPTIMIZATION_LEVEL = "-Onone";
			};
			name = Debug;
		};
		C994845925EC003700CAC623 /* Release */ = {
			isa = XCBuildConfiguration;
			buildSettings = {
				ALWAYS_SEARCH_USER_PATHS = NO;
				CLANG_ANALYZER_NONNULL = YES;
				CLANG_ANALYZER_NUMBER_OBJECT_CONVERSION = YES_AGGRESSIVE;
				CLANG_CXX_LANGUAGE_STANDARD = "gnu++14";
				CLANG_CXX_LIBRARY = "libc++";
				CLANG_ENABLE_MODULES = YES;
				CLANG_ENABLE_OBJC_ARC = YES;
				CLANG_ENABLE_OBJC_WEAK = YES;
				CLANG_WARN_BLOCK_CAPTURE_AUTORELEASING = YES;
				CLANG_WARN_BOOL_CONVERSION = YES;
				CLANG_WARN_COMMA = YES;
				CLANG_WARN_CONSTANT_CONVERSION = YES;
				CLANG_WARN_DEPRECATED_OBJC_IMPLEMENTATIONS = YES;
				CLANG_WARN_DIRECT_OBJC_ISA_USAGE = YES_ERROR;
				CLANG_WARN_DOCUMENTATION_COMMENTS = YES;
				CLANG_WARN_EMPTY_BODY = YES;
				CLANG_WARN_ENUM_CONVERSION = YES;
				CLANG_WARN_INFINITE_RECURSION = YES;
				CLANG_WARN_INT_CONVERSION = YES;
				CLANG_WARN_NON_LITERAL_NULL_CONVERSION = YES;
				CLANG_WARN_OBJC_IMPLICIT_RETAIN_SELF = YES;
				CLANG_WARN_OBJC_LITERAL_CONVERSION = YES;
				CLANG_WARN_OBJC_ROOT_CLASS = YES_ERROR;
				CLANG_WARN_QUOTED_INCLUDE_IN_FRAMEWORK_HEADER = YES;
				CLANG_WARN_RANGE_LOOP_ANALYSIS = YES;
				CLANG_WARN_STRICT_PROTOTYPES = YES;
				CLANG_WARN_SUSPICIOUS_MOVE = YES;
				CLANG_WARN_UNGUARDED_AVAILABILITY = YES_AGGRESSIVE;
				CLANG_WARN_UNREACHABLE_CODE = YES;
				CLANG_WARN__DUPLICATE_METHOD_MATCH = YES;
				COPY_PHASE_STRIP = NO;
				DEBUG_INFORMATION_FORMAT = "dwarf-with-dsym";
				ENABLE_NS_ASSERTIONS = NO;
				ENABLE_STRICT_OBJC_MSGSEND = YES;
				GCC_C_LANGUAGE_STANDARD = gnu11;
				GCC_NO_COMMON_BLOCKS = YES;
				GCC_WARN_64_TO_32_BIT_CONVERSION = YES;
				GCC_WARN_ABOUT_RETURN_TYPE = YES_ERROR;
				GCC_WARN_UNDECLARED_SELECTOR = YES;
				GCC_WARN_UNINITIALIZED_AUTOS = YES_AGGRESSIVE;
				GCC_WARN_UNUSED_FUNCTION = YES;
				GCC_WARN_UNUSED_VARIABLE = YES;
				MTL_ENABLE_DEBUG_INFO = NO;
				MTL_FAST_MATH = YES;
				SWIFT_COMPILATION_MODE = wholemodule;
				SWIFT_OPTIMIZATION_LEVEL = "-O";
			};
			name = Release;
		};
		C994845B25EC003700CAC623 /* Debug */ = {
			isa = XCBuildConfiguration;
			buildSettings = {
				ASSETCATALOG_COMPILER_APPICON_NAME = AppIcon;
				ASSETCATALOG_COMPILER_GLOBAL_ACCENT_COLOR_NAME = AccentColor;
				CODE_SIGN_STYLE = Automatic;
				DEVELOPMENT_TEAM = R252PR8AVU;
				ENABLE_PREVIEWS = YES;
				INFOPLIST_FILE = iOS/Info.plist;
				IPHONEOS_DEPLOYMENT_TARGET = 14.0;
				LD_RUNPATH_SEARCH_PATHS = (
					"$(inherited)",
					"@executable_path/Frameworks",
				);
				PRODUCT_BUNDLE_IDENTIFIER = com.rebeloper.SwiftUICombine;
				PRODUCT_NAME = SwiftUICombine;
				SDKROOT = iphoneos;
				SWIFT_VERSION = 5.0;
				TARGETED_DEVICE_FAMILY = "1,2";
			};
			name = Debug;
		};
		C994845C25EC003700CAC623 /* Release */ = {
			isa = XCBuildConfiguration;
			buildSettings = {
				ASSETCATALOG_COMPILER_APPICON_NAME = AppIcon;
				ASSETCATALOG_COMPILER_GLOBAL_ACCENT_COLOR_NAME = AccentColor;
				CODE_SIGN_STYLE = Automatic;
				DEVELOPMENT_TEAM = R252PR8AVU;
				ENABLE_PREVIEWS = YES;
				INFOPLIST_FILE = iOS/Info.plist;
				IPHONEOS_DEPLOYMENT_TARGET = 14.0;
				LD_RUNPATH_SEARCH_PATHS = (
					"$(inherited)",
					"@executable_path/Frameworks",
				);
				PRODUCT_BUNDLE_IDENTIFIER = com.rebeloper.SwiftUICombine;
				PRODUCT_NAME = SwiftUICombine;
				SDKROOT = iphoneos;
				SWIFT_VERSION = 5.0;
				TARGETED_DEVICE_FAMILY = "1,2";
				VALIDATE_PRODUCT = YES;
			};
			name = Release;
		};
		C994845E25EC003700CAC623 /* Debug */ = {
			isa = XCBuildConfiguration;
			buildSettings = {
				ASSETCATALOG_COMPILER_APPICON_NAME = AppIcon;
				ASSETCATALOG_COMPILER_GLOBAL_ACCENT_COLOR_NAME = AccentColor;
				CODE_SIGN_ENTITLEMENTS = macOS/macOS.entitlements;
				CODE_SIGN_STYLE = Automatic;
				COMBINE_HIDPI_IMAGES = YES;
				DEVELOPMENT_TEAM = R252PR8AVU;
				ENABLE_HARDENED_RUNTIME = YES;
				ENABLE_PREVIEWS = YES;
				INFOPLIST_FILE = macOS/Info.plist;
				LD_RUNPATH_SEARCH_PATHS = (
					"$(inherited)",
					"@executable_path/../Frameworks",
				);
				MACOSX_DEPLOYMENT_TARGET = 11.0;
				PRODUCT_BUNDLE_IDENTIFIER = com.rebeloper.SwiftUICombine;
				PRODUCT_NAME = SwiftUICombine;
				SDKROOT = macosx;
				SWIFT_VERSION = 5.0;
			};
			name = Debug;
		};
		C994845F25EC003700CAC623 /* Release */ = {
			isa = XCBuildConfiguration;
			buildSettings = {
				ASSETCATALOG_COMPILER_APPICON_NAME = AppIcon;
				ASSETCATALOG_COMPILER_GLOBAL_ACCENT_COLOR_NAME = AccentColor;
				CODE_SIGN_ENTITLEMENTS = macOS/macOS.entitlements;
				CODE_SIGN_STYLE = Automatic;
				COMBINE_HIDPI_IMAGES = YES;
				DEVELOPMENT_TEAM = R252PR8AVU;
				ENABLE_HARDENED_RUNTIME = YES;
				ENABLE_PREVIEWS = YES;
				INFOPLIST_FILE = macOS/Info.plist;
				LD_RUNPATH_SEARCH_PATHS = (
					"$(inherited)",
					"@executable_path/../Frameworks",
				);
				MACOSX_DEPLOYMENT_TARGET = 11.0;
				PRODUCT_BUNDLE_IDENTIFIER = com.rebeloper.SwiftUICombine;
				PRODUCT_NAME = SwiftUICombine;
				SDKROOT = macosx;
				SWIFT_VERSION = 5.0;
			};
			name = Release;
		};
/* End XCBuildConfiguration section */

/* Begin XCConfigurationList section */
		C994843D25EC003500CAC623 /* Build configuration list for PBXProject "SwiftUICombine" */ = {
			isa = XCConfigurationList;
			buildConfigurations = (
				C994845825EC003700CAC623 /* Debug */,
				C994845925EC003700CAC623 /* Release */,
			);
			defaultConfigurationIsVisible = 0;
			defaultConfigurationName = Release;
		};
		C994845A25EC003700CAC623 /* Build configuration list for PBXNativeTarget "SwiftUICombine (iOS)" */ = {
			isa = XCConfigurationList;
			buildConfigurations = (
				C994845B25EC003700CAC623 /* Debug */,
				C994845C25EC003700CAC623 /* Release */,
			);
			defaultConfigurationIsVisible = 0;
			defaultConfigurationName = Release;
		};
		C994845D25EC003700CAC623 /* Build configuration list for PBXNativeTarget "SwiftUICombine (macOS)" */ = {
			isa = XCConfigurationList;
			buildConfigurations = (
				C994845E25EC003700CAC623 /* Debug */,
				C994845F25EC003700CAC623 /* Release */,
			);
			defaultConfigurationIsVisible = 0;
			defaultConfigurationName = Release;
		};
/* End XCConfigurationList section */
	};
	rootObject = C994843A25EC003500CAC623 /* Project object */;
}
